
Microsoft Visual Studio Solution File, Format Version 12.00
# Visual Studio 15
VisualStudioVersion = 15.0.28307.489
MinimumVisualStudioVersion = 10.0.40219.1
Project("{FAE04EC0-301F-11D3-BF4B-00C04F79EFBC}") = "Project1", "Project1\Project1.csproj", "{8EC8AFA5-872F-462D-8BFA-E7CE0DFDCF9E}"
EndProject
Global
	GlobalSection(SolutionConfigurationPlatforms) = preSolution
		Debug|Any CPU = Debug|Any CPU
		Release|Any CPU = Release|Any CPU
	EndGlobalSection
	GlobalSection(ProjectConfigurationPlatforms) = postSolution
		{8EC8AFA5-872F-462D-8BFA-E7CE0DFDCF9E}.Debug|Any CPU.ActiveCfg = Debug|Any CPU
		{8EC8AFA5-872F-462D-8BFA-E7CE0DFDCF9E}.Debug|Any CPU.Build.0 = Debug|Any CPU
		{8EC8AFA5-872F-462D-8BFA-E7CE0DFDCF9E}.Release|Any CPU.ActiveCfg = Release|Any CPU
		{8EC8AFA5-872F-462D-8BFA-E7CE0DFDCF9E}.Release|Any CPU.Build.0 = Release|Any CPU
	EndGlobalSection
	GlobalSection(SolutionProperties) = preSolution
		HideSolutionNode = FALSE
	EndGlobalSection
	GlobalSection(ExtensibilityGlobals) = postSolution
		SolutionGuid = {8F3E4D75-E744-4F2D-8E9F-69FBCD002A8B}
	EndGlobalSection
EndGlobal
